
Microsoft Visual Studio Solution File, Format Version 12.00
# Visual Studio Version 16
VisualStudioVersion = 16.0.31005.135
MinimumVisualStudioVersion = 10.0.40219.1
Project("{FAE04EC0-301F-11D3-BF4B-00C04F79EFBC}") = "RhAPI", "RhAPI\RhAPI.csproj", "{67FFBFBC-F1E1-4114-9776-DAF5658E6F65}"
EndProject
Project("{FAE04EC0-301F-11D3-BF4B-00C04F79EFBC}") = "RhData", "RhData\RhData.csproj", "{49CFA8D8-508E-453A-BFE9-8CAAFD37DFDF}"
EndProject
Project("{FAE04EC0-301F-11D3-BF4B-00C04F79EFBC}") = "RhDomain", "RhDomain\RhDomain.csproj", "{2C1F42EE-F79C-41AC-AE19-E3A62FF686FB}"
EndProject
Project("{FAE04EC0-301F-11D3-BF4B-00C04F79EFBC}") = "RhIOC", "RhIOC\RhIOC.csproj", "{B21A3308-3935-4105-A38A-E67D64BD4628}"
EndProject
Project("{FAE04EC0-301F-11D3-BF4B-00C04F79EFBC}") = "RhTests", "RhTests\RhTests.csproj", "{D9AED48C-57BB-4905-BF99-6F0D06103CBE}"
EndProject
Global
	GlobalSection(SolutionConfigurationPlatforms) = preSolution
		Debug|Any CPU = Debug|Any CPU
		Release|Any CPU = Release|Any CPU
	EndGlobalSection
	GlobalSection(ProjectConfigurationPlatforms) = postSolution
		{67FFBFBC-F1E1-4114-9776-DAF5658E6F65}.Debug|Any CPU.ActiveCfg = Debug|Any CPU
		{67FFBFBC-F1E1-4114-9776-DAF5658E6F65}.Debug|Any CPU.Build.0 = Debug|Any CPU
		{67FFBFBC-F1E1-4114-9776-DAF5658E6F65}.Release|Any CPU.ActiveCfg = Release|Any CPU
		{67FFBFBC-F1E1-4114-9776-DAF5658E6F65}.Release|Any CPU.Build.0 = Release|Any CPU
		{49CFA8D8-508E-453A-BFE9-8CAAFD37DFDF}.Debug|Any CPU.ActiveCfg = Debug|Any CPU
		{49CFA8D8-508E-453A-BFE9-8CAAFD37DFDF}.Debug|Any CPU.Build.0 = Debug|Any CPU
		{49CFA8D8-508E-453A-BFE9-8CAAFD37DFDF}.Release|Any CPU.ActiveCfg = Release|Any CPU
		{49CFA8D8-508E-453A-BFE9-8CAAFD37DFDF}.Release|Any CPU.Build.0 = Release|Any CPU
		{2C1F42EE-F79C-41AC-AE19-E3A62FF686FB}.Debug|Any CPU.ActiveCfg = Debug|Any CPU
		{2C1F42EE-F79C-41AC-AE19-E3A62FF686FB}.Debug|Any CPU.Build.0 = Debug|Any CPU
		{2C1F42EE-F79C-41AC-AE19-E3A62FF686FB}.Release|Any CPU.ActiveCfg = Release|Any CPU
		{2C1F42EE-F79C-41AC-AE19-E3A62FF686FB}.Release|Any CPU.Build.0 = Release|Any CPU
		{B21A3308-3935-4105-A38A-E67D64BD4628}.Debug|Any CPU.ActiveCfg = Debug|Any CPU
		{B21A3308-3935-4105-A38A-E67D64BD4628}.Debug|Any CPU.Build.0 = Debug|Any CPU
		{B21A3308-3935-4105-A38A-E67D64BD4628}.Release|Any CPU.ActiveCfg = Release|Any CPU
		{B21A3308-3935-4105-A38A-E67D64BD4628}.Release|Any CPU.Build.0 = Release|Any CPU
		{D9AED48C-57BB-4905-BF99-6F0D06103CBE}.Debug|Any CPU.ActiveCfg = Debug|Any CPU
		{D9AED48C-57BB-4905-BF99-6F0D06103CBE}.Debug|Any CPU.Build.0 = Debug|Any CPU
		{D9AED48C-57BB-4905-BF99-6F0D06103CBE}.Release|Any CPU.ActiveCfg = Release|Any CPU
		{D9AED48C-57BB-4905-BF99-6F0D06103CBE}.Release|Any CPU.Build.0 = Release|Any CPU
	EndGlobalSection
	GlobalSection(SolutionProperties) = preSolution
		HideSolutionNode = FALSE
	EndGlobalSection
	GlobalSection(ExtensibilityGlobals) = postSolution
		SolutionGuid = {87C5B407-490B-4B3C-8091-FA543533D3AE}
	EndGlobalSection
EndGlobal
